PODS:
  - Analytics (3.5.2)
  - Expecta (1.0.5)
  - OCHamcrest (6.0.0)
  - OCMockito (4.0.1):
    - OCHamcrest (~> 6.0)
  - Segment-Taplytics (1.0.0):
    - Analytics (~> 3.0)
    - Taplytics (~> 2.13.0)
  - Specta (1.0.5)
  - Taplytics (2.13.0)

DEPENDENCIES:
  - Expecta
  - OCMockito
  - Segment-Taplytics (from `../`)
  - Specta

EXTERNAL SOURCES:
  Segment-Taplytics:
    :path: ../

SPEC CHECKSUMS:
  Analytics: 0bf6c9302dcde2bdd9fc410ef2685ad8a1c804dd
  Expecta: e1c022fcd33910b6be89c291d2775b3fe27a89fe
  OCHamcrest: fc8ab38149b97df8db8029a3f2157c951bf9081d
  OCMockito: 62ddc6afff6a883f2864d51224b1dfdc0e9a7df7
  Segment-Taplytics: 5b9f6c81d1398f032be0740a9aab4c8d203fbb5c
  Specta: ac94d110b865115fe60ff2c6d7281053c6f8e8a2
  Taplytics: e8879cd6d696118e4700bb734182cbf5a0056d96

PODFILE CHECKSUM: 628429fdb506eb32767cc4ec540d911f0f52ca03

COCOAPODS: 1.1.0.rc.2
